// !$*UTF8*$!
{
	archiveVersion = 1;
	classes = {
	};
	objectVersion = 52;
	objects = {

/* Begin PBXBuildFile section */
		BF1C049B26AF494800BC0A6B /* Socket.swift in Sources */ = {isa = PBXBuildFile; fileRef = BF1C049A26AF494800BC0A6B /* Socket.swift */; };
		BF1C049D26AFD63900BC0A6B /* MainViewModel.swift in Sources */ = {isa = PBXBuildFile; fileRef = BF1C049C26AFD63900BC0A6B /* MainViewModel.swift */; };
		BF1C049F26AFF84B00BC0A6B /* SocketRepository.swift in Sources */ = {isa = PBXBuildFile; fileRef = BF1C049E26AFF84B00BC0A6B /* SocketRepository.swift */; };
		BF1C04B626B068D200BC0A6B /* CompositionRoot.swift in Sources */ = {isa = PBXBuildFile; fileRef = BF1C04B526B068D200BC0A6B /* CompositionRoot.swift */; };
		BF1C052226B3D66300BC0A6B /* TradingLogModel.xcdatamodeld in Sources */ = {isa = PBXBuildFile; fileRef = BF1C052026B3D66300BC0A6B /* TradingLogModel.xcdatamodeld */; };
		BF1FA62C269B2B7D00AC1AC2 /* SearchViewController.swift in Sources */ = {isa = PBXBuildFile; fileRef = BF1FA62B269B2B7D00AC1AC2 /* SearchViewController.swift */; };
		BF1FA62F269B2FBD00AC1AC2 /* Storyboarded.swift in Sources */ = {isa = PBXBuildFile; fileRef = BF1FA62E269B2FBD00AC1AC2 /* Storyboarded.swift */; };
		BF1FA632269B309B00AC1AC2 /* SearchCoinCell.xib in Resources */ = {isa = PBXBuildFile; fileRef = BF1FA631269B309B00AC1AC2 /* SearchCoinCell.xib */; };
		BF1FA634269B366A00AC1AC2 /* SearchCoinCell.swift in Sources */ = {isa = PBXBuildFile; fileRef = BF1FA633269B366A00AC1AC2 /* SearchCoinCell.swift */; };
		BF1FA638269B398A00AC1AC2 /* UITableViewCell+Extension.swift in Sources */ = {isa = PBXBuildFile; fileRef = BF1FA637269B398A00AC1AC2 /* UITableViewCell+Extension.swift */; };
		BF1FA63A269B419400AC1AC2 /* SearchCoinDataSource.swift in Sources */ = {isa = PBXBuildFile; fileRef = BF1FA639269B419400AC1AC2 /* SearchCoinDataSource.swift */; };
		BF1FA63C269B616A00AC1AC2 /* CellReusable.swift in Sources */ = {isa = PBXBuildFile; fileRef = BF1FA63B269B616A00AC1AC2 /* CellReusable.swift */; };
		BF1FA640269B62BB00AC1AC2 /* UITableView+Extension.swift in Sources */ = {isa = PBXBuildFile; fileRef = BF1FA63F269B62BB00AC1AC2 /* UITableView+Extension.swift */; };
		BF22BF3A268F6A8D003FD161 /* NetworkError.swift in Sources */ = {isa = PBXBuildFile; fileRef = BF22BF39268F6A8D003FD161 /* NetworkError.swift */; };
		BF22BF3D268F6C9F003FD161 /* EndPoint.swift in Sources */ = {isa = PBXBuildFile; fileRef = BF22BF3C268F6C9F003FD161 /* EndPoint.swift */; };
		BF22BF42268F6D96003FD161 /* Coins.swift in Sources */ = {isa = PBXBuildFile; fileRef = BF22BF41268F6D96003FD161 /* Coins.swift */; };
		BF22BF48268F8119003FD161 /* URLSession+Extension.swift in Sources */ = {isa = PBXBuildFile; fileRef = BF22BF47268F8119003FD161 /* URLSession+Extension.swift */; };
		BF22BF4D268F8146003FD161 /* SearchCoinsViewModel.swift in Sources */ = {isa = PBXBuildFile; fileRef = BF22BF4C268F8146003FD161 /* SearchCoinsViewModel.swift */; };
		BF2F9D7626D337D7006A0077 /* CryptoView.swift in Sources */ = {isa = PBXBuildFile; fileRef = BF2F9D7526D337D7006A0077 /* CryptoView.swift */; };
		BF2F9D7826D34450006A0077 /* CryptoCell.xib in Resources */ = {isa = PBXBuildFile; fileRef = BF2F9D7726D34450006A0077 /* CryptoCell.xib */; };
		BF2F9D7A26D34B24006A0077 /* CryptoCell.swift in Sources */ = {isa = PBXBuildFile; fileRef = BF2F9D7926D34B24006A0077 /* CryptoCell.swift */; };
		BF2F9D7C26D366CA006A0077 /* TableDataSource.swift in Sources */ = {isa = PBXBuildFile; fileRef = BF2F9D7B26D366CA006A0077 /* TableDataSource.swift */; };
		BF2F9DC426D53B30006A0077 /* ExchangeViewModel.swift in Sources */ = {isa = PBXBuildFile; fileRef = BF2F9DC326D53B2F006A0077 /* ExchangeViewModel.swift */; };
		BF2F9DC626D54E00006A0077 /* Mapper.swift in Sources */ = {isa = PBXBuildFile; fileRef = BF2F9DC526D54E00006A0077 /* Mapper.swift */; };
		BF2F9DCA26D5C068006A0077 /* CoinMeta.swift in Sources */ = {isa = PBXBuildFile; fileRef = BF2F9DC926D5C068006A0077 /* CoinMeta.swift */; };
		BF4F3A9426B86B30003B801A /* TradingLogDataSource.swift in Sources */ = {isa = PBXBuildFile; fileRef = BF4F3A9326B86B30003B801A /* TradingLogDataSource.swift */; };
		BF4F3A9826B94C50003B801A /* DateManager.swift in Sources */ = {isa = PBXBuildFile; fileRef = BF4F3A9726B94C50003B801A /* DateManager.swift */; };
		BF4F3AAD26B9960E003B801A /* TradingLogStore.swift in Sources */ = {isa = PBXBuildFile; fileRef = BF4F3AAC26B9960E003B801A /* TradingLogStore.swift */; };
		BF4F3AAF26B999DB003B801A /* TradingLogController+Extension.swift in Sources */ = {isa = PBXBuildFile; fileRef = BF4F3AAE26B999DB003B801A /* TradingLogController+Extension.swift */; };
		BF4F3AC626BB97B8003B801A /* EmptyView.swift in Sources */ = {isa = PBXBuildFile; fileRef = BF4F3AC526BB97B8003B801A /* EmptyView.swift */; };
		BF4F3AC826BBC499003B801A /* TradingLogAddViewController.storyboard in Resources */ = {isa = PBXBuildFile; fileRef = BF4F3AC726BBC499003B801A /* TradingLogAddViewController.storyboard */; };
		BF4F3ACA26BBE01C003B801A /* TradingLogAddViewController.swift in Sources */ = {isa = PBXBuildFile; fileRef = BF4F3AC926BBE01C003B801A /* TradingLogAddViewController.swift */; };
		BF4F3ACC26BC2B92003B801A /* TradingLogAddStore.swift in Sources */ = {isa = PBXBuildFile; fileRef = BF4F3ACB26BC2B92003B801A /* TradingLogAddStore.swift */; };
		BF4F3ACE26BC34F0003B801A /* TradingLogAddViewController+Extension.swift in Sources */ = {isa = PBXBuildFile; fileRef = BF4F3ACD26BC34F0003B801A /* TradingLogAddViewController+Extension.swift */; };
		BF4F3AD026BC6A17003B801A /* DateFormatter+Extension.swift in Sources */ = {isa = PBXBuildFile; fileRef = BF4F3ACF26BC6A16003B801A /* DateFormatter+Extension.swift */; };
		BF4F3AD226BC6DAB003B801A /* Date+Extension.swift in Sources */ = {isa = PBXBuildFile; fileRef = BF4F3AD126BC6DAB003B801A /* Date+Extension.swift */; };
		BF4F3AD426BC843E003B801A /* UITextField+Extension.swift in Sources */ = {isa = PBXBuildFile; fileRef = BF4F3AD326BC843E003B801A /* UITextField+Extension.swift */; };
		BF4F3AD626BD2439003B801A /* UITextView+Extension.swift in Sources */ = {isa = PBXBuildFile; fileRef = BF4F3AD526BD2438003B801A /* UITextView+Extension.swift */; };
		BF62009E26A218D500FC2228 /* SearchTextField+Extension.swift in Sources */ = {isa = PBXBuildFile; fileRef = BF62009D26A218D500FC2228 /* SearchTextField+Extension.swift */; };
		BF8736062651697A00C3FAD0 /* AppDelegate.swift in Sources */ = {isa = PBXBuildFile; fileRef = BF8736052651697A00C3FAD0 /* AppDelegate.swift */; };
		BF8736082651697A00C3FAD0 /* SceneDelegate.swift in Sources */ = {isa = PBXBuildFile; fileRef = BF8736072651697A00C3FAD0 /* SceneDelegate.swift */; };
		BF87360A2651697A00C3FAD0 /* MainViewController.swift in Sources */ = {isa = PBXBuildFile; fileRef = BF8736092651697A00C3FAD0 /* MainViewController.swift */; };
		BF87360D2651697A00C3FAD0 /* Main.storyboard in Resources */ = {isa = PBXBuildFile; fileRef = BF87360B2651697A00C3FAD0 /* Main.storyboard */; };
		BF87360F2651697C00C3FAD0 /* Assets.xcassets in Resources */ = {isa = PBXBuildFile; fileRef = BF87360E2651697C00C3FAD0 /* Assets.xcassets */; };
		BF8736122651697C00C3FAD0 /* LaunchScreen.storyboard in Resources */ = {isa = PBXBuildFile; fileRef = BF8736102651697C00C3FAD0 /* LaunchScreen.storyboard */; };
		BF8736292652946A00C3FAD0 /* NetwokManager.swift in Sources */ = {isa = PBXBuildFile; fileRef = BF8736282652946A00C3FAD0 /* NetwokManager.swift */; };
		BF92D7D226B4385F0033B773 /* CoreDataStorage.swift in Sources */ = {isa = PBXBuildFile; fileRef = BF92D7D126B4385F0033B773 /* CoreDataStorage.swift */; };
		BF92D7D526B43B710033B773 /* TradingLog.swift in Sources */ = {isa = PBXBuildFile; fileRef = BF92D7D426B43B710033B773 /* TradingLog.swift */; };
		BF92D7D726B46C910033B773 /* TradingLogCoordinator.swift in Sources */ = {isa = PBXBuildFile; fileRef = BF92D7D626B46C910033B773 /* TradingLogCoordinator.swift */; };
		BF92D7E226B57DF20033B773 /* TradingLogViewController.swift in Sources */ = {isa = PBXBuildFile; fileRef = BF92D7E126B57DF20033B773 /* TradingLogViewController.swift */; };
		BF92D7E426B584070033B773 /* TradingLogViewController.storyboard in Resources */ = {isa = PBXBuildFile; fileRef = BF92D7E326B584070033B773 /* TradingLogViewController.storyboard */; };
		BF92D7E826B589670033B773 /* SearchViewController.storyboard in Resources */ = {isa = PBXBuildFile; fileRef = BF92D7E726B589670033B773 /* SearchViewController.storyboard */; };
		BF9570B426A224E8000BBAE9 /* UISearchController+Extension.swift in Sources */ = {isa = PBXBuildFile; fileRef = BF9570B326A224E8000BBAE9 /* UISearchController+Extension.swift */; };
		BF9570C926A34830000BBAE9 /* String+Extension.swift in Sources */ = {isa = PBXBuildFile; fileRef = BF9570C826A34830000BBAE9 /* String+Extension.swift */; };
		BF9570CC26A405F9000BBAE9 /* SocketIO in Frameworks */ = {isa = PBXBuildFile; productRef = BF9570CB26A405F9000BBAE9 /* SocketIO */; };
		BF9570E426A69CF9000BBAE9 /* SwiftyJSON in Frameworks */ = {isa = PBXBuildFile; productRef = BF9570E326A69CF9000BBAE9 /* SwiftyJSON */; };
		BF987C4426C1402E003DBDB0 /* UIAlertController+Extension.swift in Sources */ = {isa = PBXBuildFile; fileRef = BF987C4326C1402E003DBDB0 /* UIAlertController+Extension.swift */; };
		BF9D08E9269CAF17009B6AA0 /* Coordinator.swift in Sources */ = {isa = PBXBuildFile; fileRef = BF9D08E8269CAF17009B6AA0 /* Coordinator.swift */; };
		BF9D08EB269CAFCD009B6AA0 /* AppCoordinator.swift in Sources */ = {isa = PBXBuildFile; fileRef = BF9D08EA269CAFCD009B6AA0 /* AppCoordinator.swift */; };
		BF9D08ED269CB0FB009B6AA0 /* MainCoordinator.swift in Sources */ = {isa = PBXBuildFile; fileRef = BF9D08EC269CB0FB009B6AA0 /* MainCoordinator.swift */; };
		BF9D08EF269CB5A9009B6AA0 /* TabBarCoordinator.swift in Sources */ = {isa = PBXBuildFile; fileRef = BF9D08EE269CB5A9009B6AA0 /* TabBarCoordinator.swift */; };
		BF9E249E26B69FBA00CCB49E /* TradingLogCell.xib in Resources */ = {isa = PBXBuildFile; fileRef = BF9E249D26B69FBA00CCB49E /* TradingLogCell.xib */; };
		BF9E24A026B6A76000CCB49E /* TradingLogCell.swift in Sources */ = {isa = PBXBuildFile; fileRef = BF9E249F26B6A76000CCB49E /* TradingLogCell.swift */; };
		BFA153FE26A0542D00341A6D /* ImageLoader.swift in Sources */ = {isa = PBXBuildFile; fileRef = BFA153FD26A0542D00341A6D /* ImageLoader.swift */; };
		BFA1541326A152BB00341A6D /* ImageRequest.swift in Sources */ = {isa = PBXBuildFile; fileRef = BFA1541226A152BB00341A6D /* ImageRequest.swift */; };
		BFA1541526A152D400341A6D /* FileImage.swift in Sources */ = {isa = PBXBuildFile; fileRef = BFA1541426A152D400341A6D /* FileImage.swift */; };
		BFA1541726A152F600341A6D /* Loader.swift in Sources */ = {isa = PBXBuildFile; fileRef = BFA1541626A152F600341A6D /* Loader.swift */; };
		BFA1541926A153BC00341A6D /* FileManager+Extension.swift in Sources */ = {isa = PBXBuildFile; fileRef = BFA1541826A153BC00341A6D /* FileManager+Extension.swift */; };
		BFB0A51126D7378D004F04AE /* CryptoHeaderView.xib in Resources */ = {isa = PBXBuildFile; fileRef = BFB0A51026D7378D004F04AE /* CryptoHeaderView.xib */; };
		BFB0A51326D73C2B004F04AE /* CryptoHeaderView.swift in Sources */ = {isa = PBXBuildFile; fileRef = BFB0A51226D73C2B004F04AE /* CryptoHeaderView.swift */; };
		BFB0A51526D7B323004F04AE /* CoinSortHelper.swift in Sources */ = {isa = PBXBuildFile; fileRef = BFB0A51426D7B323004F04AE /* CoinSortHelper.swift */; };
		BFB0A52C26D86CCB004F04AE /* CryptoBaseViewModel.swift in Sources */ = {isa = PBXBuildFile; fileRef = BFB0A52B26D86CCB004F04AE /* CryptoBaseViewModel.swift */; };
		BFB0A55626DBE6AC004F04AE /* SearchCoordinator.swift in Sources */ = {isa = PBXBuildFile; fileRef = BFB0A55526DBE6AB004F04AE /* SearchCoordinator.swift */; };
		BFB427D826C97CE0001D4C91 /* TradingLogStatsViewModel.swift in Sources */ = {isa = PBXBuildFile; fileRef = BFB427D726C97CE0001D4C91 /* TradingLogStatsViewModel.swift */; };
		BFB427DA26C97E0D001D4C91 /* TradingLogStatsDTO.swift in Sources */ = {isa = PBXBuildFile; fileRef = BFB427D926C97E0D001D4C91 /* TradingLogStatsDTO.swift */; };
		BFB427DC26C9BCFB001D4C91 /* StatsDTO.swift in Sources */ = {isa = PBXBuildFile; fileRef = BFB427DB26C9BCFB001D4C91 /* StatsDTO.swift */; };
		BFB427DE26CA7D2A001D4C91 /* Int+Extension.swift in Sources */ = {isa = PBXBuildFile; fileRef = BFB427DD26CA7D2A001D4C91 /* Int+Extension.swift */; };
		BFB427E026CA7D33001D4C91 /* Double+Extension.swift in Sources */ = {isa = PBXBuildFile; fileRef = BFB427DF26CA7D33001D4C91 /* Double+Extension.swift */; };
		BFB427E326CAE023001D4C91 /* Charts in Frameworks */ = {isa = PBXBuildFile; productRef = BFB427E226CAE023001D4C91 /* Charts */; };
		BFB427E926CB257C001D4C91 /* ChartView.swift in Sources */ = {isa = PBXBuildFile; fileRef = BFB427E826CB257C001D4C91 /* ChartView.swift */; };
		BFB427EB26CB3F4B001D4C91 /* ChartHelper.swift in Sources */ = {isa = PBXBuildFile; fileRef = BFB427EA26CB3F4B001D4C91 /* ChartHelper.swift */; };
		BFB427ED26CB4436001D4C91 /* TradingLogStatsChartDTO.swift in Sources */ = {isa = PBXBuildFile; fileRef = BFB427EC26CB4436001D4C91 /* TradingLogStatsChartDTO.swift */; };
		BFB427EF26CCC6C5001D4C91 /* MenuDisableTextField.swift in Sources */ = {isa = PBXBuildFile; fileRef = BFB427EE26CCC6C5001D4C91 /* MenuDisableTextField.swift */; };
		BFB7530826BEAA8E0013B65A /* UIToolBar+Extension.swift in Sources */ = {isa = PBXBuildFile; fileRef = BFB7530726BEAA8E0013B65A /* UIToolBar+Extension.swift */; };
		BFB7954126D0A89B00A89BC7 /* PageSegmentControl.swift in Sources */ = {isa = PBXBuildFile; fileRef = BFB7954026D0A89B00A89BC7 /* PageSegmentControl.swift */; };
		BFB7954326D1232B00A89BC7 /* SegmentContainer.swift in Sources */ = {isa = PBXBuildFile; fileRef = BFB7954226D1232B00A89BC7 /* SegmentContainer.swift */; };
		BFB7954526D1B10900A89BC7 /* MainContainerViewController.swift in Sources */ = {isa = PBXBuildFile; fileRef = BFB7954426D1B10900A89BC7 /* MainContainerViewController.swift */; };
		BFB7954826D2007E00A89BC7 /* ExchangeViewController.swift in Sources */ = {isa = PBXBuildFile; fileRef = BFB7954726D2007E00A89BC7 /* ExchangeViewController.swift */; };
		BFB9430226C5611A0053C212 /* TradingLogContanierViewController.storyboard in Resources */ = {isa = PBXBuildFile; fileRef = BFB9430126C5611A0053C212 /* TradingLogContanierViewController.storyboard */; };
		BFB9430426C5640C0053C212 /* TradingLogContanierViewController.swift in Sources */ = {isa = PBXBuildFile; fileRef = BFB9430326C5640C0053C212 /* TradingLogContanierViewController.swift */; };
		BFB9430626C565A20053C212 /* TradingLogContanierCoordinator.swift in Sources */ = {isa = PBXBuildFile; fileRef = BFB9430526C565A20053C212 /* TradingLogContanierCoordinator.swift */; };
		BFB9430C26C61E460053C212 /* TradingLogStatsViewController.swift in Sources */ = {isa = PBXBuildFile; fileRef = BFB9430B26C61E460053C212 /* TradingLogStatsViewController.swift */; };
		BFB9430E26C61E780053C212 /* TradingLogStatsViewController.storyboard in Resources */ = {isa = PBXBuildFile; fileRef = BFB9430D26C61E780053C212 /* TradingLogStatsViewController.storyboard */; };
		BFBA259E26CDED960088D26B /* TradingLogDetailViewController.swift in Sources */ = {isa = PBXBuildFile; fileRef = BFBA259D26CDED960088D26B /* TradingLogDetailViewController.swift */; };
		BFBA25A226CE99F50088D26B /* ChartContainerView.swift in Sources */ = {isa = PBXBuildFile; fileRef = BFBA25A126CE99F50088D26B /* ChartContainerView.swift */; };
		BFBCE42126C8767B0077A521 /* StatsStackView.swift in Sources */ = {isa = PBXBuildFile; fileRef = BFBCE42026C8767B0077A521 /* StatsStackView.swift */; };
		BFBCE42326C8804E0077A521 /* StatsTextView.swift in Sources */ = {isa = PBXBuildFile; fileRef = BFBCE42226C8804E0077A521 /* StatsTextView.swift */; };
		BFD5199726C2D24E00226FF8 /* UserSetting.swift in Sources */ = {isa = PBXBuildFile; fileRef = BFD5199626C2D24E00226FF8 /* UserSetting.swift */; };
		BFD5199926C3505D00226FF8 /* DayOfWeek.swift in Sources */ = {isa = PBXBuildFile; fileRef = BFD5199826C3505D00226FF8 /* DayOfWeek.swift */; };
		BFD5199D26C3919F00226FF8 /* UIColor+Extension.swift in Sources */ = {isa = PBXBuildFile; fileRef = BFD5199C26C3919F00226FF8 /* UIColor+Extension.swift */; };
		BFD519A126C3FE4C00226FF8 /* Int64+Extension.swift in Sources */ = {isa = PBXBuildFile; fileRef = BFD519A026C3FE4C00226FF8 /* Int64+Extension.swift */; };
		BFD519A426C4878B00226FF8 /* FirebaseMessaging in Frameworks */ = {isa = PBXBuildFile; productRef = BFD519A326C4878B00226FF8 /* FirebaseMessaging */; };
		BFD519A626C4A3CF00226FF8 /* GoogleService-Info.plist in Resources */ = {isa = PBXBuildFile; fileRef = BFD519A526C4A3CF00226FF8 /* GoogleService-Info.plist */; };
/* End PBXBuildFile section */

/* Begin PBXFileReference section */
		BF1C049A26AF494800BC0A6B /* Socket.swift */ = {isa = PBXFileReference; lastKnownFileType = sourcecode.swift; path = Socket.swift; sourceTree = "<group>"; };
		BF1C049C26AFD63900BC0A6B /* MainViewModel.swift */ = {isa = PBXFileReference; lastKnownFileType = sourcecode.swift; path = MainViewModel.swift; sourceTree = "<group>"; };
		BF1C049E26AFF84B00BC0A6B /* SocketRepository.swift */ = {isa = PBXFileReference; lastKnownFileType = sourcecode.swift; path = SocketRepository.swift; sourceTree = "<group>"; };
		BF1C04B526B068D200BC0A6B /* CompositionRoot.swift */ = {isa = PBXFileReference; lastKnownFileType = sourcecode.swift; path = CompositionRoot.swift; sourceTree = "<group>"; };
		BF1C052126B3D66300BC0A6B /* TradingLogModel.xcdatamodel */ = {isa = PBXFileReference; lastKnownFileType = wrapper.xcdatamodel; path = TradingLogModel.xcdatamodel; sourceTree = "<group>"; };
		BF1FA62B269B2B7D00AC1AC2 /* SearchViewController.swift */ = {isa = PBXFileReference; lastKnownFileType = sourcecode.swift; path = SearchViewController.swift; sourceTree = "<group>"; };
		BF1FA62E269B2FBD00AC1AC2 /* Storyboarded.swift */ = {isa = PBXFileReference; lastKnownFileType = sourcecode.swift; path = Storyboarded.swift; sourceTree = "<group>"; };
		BF1FA631269B309B00AC1AC2 /* SearchCoinCell.xib */ = {isa = PBXFileReference; lastKnownFileType = file.xib; path = SearchCoinCell.xib; sourceTree = "<group>"; };
		BF1FA633269B366A00AC1AC2 /* SearchCoinCell.swift */ = {isa = PBXFileReference; lastKnownFileType = sourcecode.swift; path = SearchCoinCell.swift; sourceTree = "<group>"; };
		BF1FA637269B398A00AC1AC2 /* UITableViewCell+Extension.swift */ = {isa = PBXFileReference; lastKnownFileType = sourcecode.swift; path = "UITableViewCell+Extension.swift"; sourceTree = "<group>"; };
		BF1FA639269B419400AC1AC2 /* SearchCoinDataSource.swift */ = {isa = PBXFileReference; lastKnownFileType = sourcecode.swift; path = SearchCoinDataSource.swift; sourceTree = "<group>"; };
		BF1FA63B269B616A00AC1AC2 /* CellReusable.swift */ = {isa = PBXFileReference; lastKnownFileType = sourcecode.swift; path = CellReusable.swift; sourceTree = "<group>"; };
		BF1FA63F269B62BB00AC1AC2 /* UITableView+Extension.swift */ = {isa = PBXFileReference; lastKnownFileType = sourcecode.swift; path = "UITableView+Extension.swift"; sourceTree = "<group>"; };
		BF22BF39268F6A8D003FD161 /* NetworkError.swift */ = {isa = PBXFileReference; lastKnownFileType = sourcecode.swift; path = NetworkError.swift; sourceTree = "<group>"; };
		BF22BF3C268F6C9F003FD161 /* EndPoint.swift */ = {isa = PBXFileReference; lastKnownFileType = sourcecode.swift; path = EndPoint.swift; sourceTree = "<group>"; };
		BF22BF41268F6D96003FD161 /* Coins.swift */ = {isa = PBXFileReference; lastKnownFileType = sourcecode.swift; path = Coins.swift; sourceTree = "<group>"; };
		BF22BF47268F8119003FD161 /* URLSession+Extension.swift */ = {isa = PBXFileReference; lastKnownFileType = sourcecode.swift; path = "URLSession+Extension.swift"; sourceTree = "<group>"; };
		BF22BF4C268F8146003FD161 /* SearchCoinsViewModel.swift */ = {isa = PBXFileReference; lastKnownFileType = sourcecode.swift; path = SearchCoinsViewModel.swift; sourceTree = "<group>"; };
		BF2F9D7526D337D7006A0077 /* CryptoView.swift */ = {isa = PBXFileReference; lastKnownFileType = sourcecode.swift; path = CryptoView.swift; sourceTree = "<group>"; };
		BF2F9D7726D34450006A0077 /* CryptoCell.xib */ = {isa = PBXFileReference; lastKnownFileType = file.xib; path = CryptoCell.xib; sourceTree = "<group>"; };
		BF2F9D7926D34B24006A0077 /* CryptoCell.swift */ = {isa = PBXFileReference; lastKnownFileType = sourcecode.swift; path = CryptoCell.swift; sourceTree = "<group>"; };
		BF2F9D7B26D366CA006A0077 /* TableDataSource.swift */ = {isa = PBXFileReference; lastKnownFileType = sourcecode.swift; path = TableDataSource.swift; sourceTree = "<group>"; };
		BF2F9DC326D53B2F006A0077 /* ExchangeViewModel.swift */ = {isa = PBXFileReference; lastKnownFileType = sourcecode.swift; path = ExchangeViewModel.swift; sourceTree = "<group>"; };
		BF2F9DC526D54E00006A0077 /* Mapper.swift */ = {isa = PBXFileReference; lastKnownFileType = sourcecode.swift; path = Mapper.swift; sourceTree = "<group>"; };
		BF2F9DC926D5C068006A0077 /* CoinMeta.swift */ = {isa = PBXFileReference; lastKnownFileType = sourcecode.swift; path = CoinMeta.swift; sourceTree = "<group>"; };
		BF4F3A9326B86B30003B801A /* TradingLogDataSource.swift */ = {isa = PBXFileReference; lastKnownFileType = sourcecode.swift; path = TradingLogDataSource.swift; sourceTree = "<group>"; };
		BF4F3A9726B94C50003B801A /* DateManager.swift */ = {isa = PBXFileReference; lastKnownFileType = sourcecode.swift; path = DateManager.swift; sourceTree = "<group>"; };
		BF4F3AAC26B9960E003B801A /* TradingLogStore.swift */ = {isa = PBXFileReference; lastKnownFileType = sourcecode.swift; path = TradingLogStore.swift; sourceTree = "<group>"; };
		BF4F3AAE26B999DB003B801A /* TradingLogController+Extension.swift */ = {isa = PBXFileReference; lastKnownFileType = sourcecode.swift; path = "TradingLogController+Extension.swift"; sourceTree = "<group>"; };
		BF4F3AC526BB97B8003B801A /* EmptyView.swift */ = {isa = PBXFileReference; lastKnownFileType = sourcecode.swift; path = EmptyView.swift; sourceTree = "<group>"; };
		BF4F3AC726BBC499003B801A /* TradingLogAddViewController.storyboard */ = {isa = PBXFileReference; lastKnownFileType = file.storyboard; path = TradingLogAddViewController.storyboard; sourceTree = "<group>"; };
		BF4F3AC926BBE01C003B801A /* TradingLogAddViewController.swift */ = {isa = PBXFileReference; lastKnownFileType = sourcecode.swift; path = TradingLogAddViewController.swift; sourceTree = "<group>"; };
		BF4F3ACB26BC2B92003B801A /* TradingLogAddStore.swift */ = {isa = PBXFileReference; lastKnownFileType = sourcecode.swift; path = TradingLogAddStore.swift; sourceTree = "<group>"; };
		BF4F3ACD26BC34F0003B801A /* TradingLogAddViewController+Extension.swift */ = {isa = PBXFileReference; lastKnownFileType = sourcecode.swift; path = "TradingLogAddViewController+Extension.swift"; sourceTree = "<group>"; };
		BF4F3ACF26BC6A16003B801A /* DateFormatter+Extension.swift */ = {isa = PBXFileReference; lastKnownFileType = sourcecode.swift; path = "DateFormatter+Extension.swift"; sourceTree = "<group>"; };
		BF4F3AD126BC6DAB003B801A /* Date+Extension.swift */ = {isa = PBXFileReference; lastKnownFileType = sourcecode.swift; path = "Date+Extension.swift"; sourceTree = "<group>"; };
		BF4F3AD326BC843E003B801A /* UITextField+Extension.swift */ = {isa = PBXFileReference; lastKnownFileType = sourcecode.swift; path = "UITextField+Extension.swift"; sourceTree = "<group>"; };
		BF4F3AD526BD2438003B801A /* UITextView+Extension.swift */ = {isa = PBXFileReference; lastKnownFileType = sourcecode.swift; path = "UITextView+Extension.swift"; sourceTree = "<group>"; };
		BF62009D26A218D500FC2228 /* SearchTextField+Extension.swift */ = {isa = PBXFileReference; lastKnownFileType = sourcecode.swift; path = "SearchTextField+Extension.swift"; sourceTree = "<group>"; };
		BF8736022651697A00C3FAD0 /* Coin.app */ = {isa = PBXFileReference; explicitFileType = wrapper.application; includeInIndex = 0; path = Coin.app; sourceTree = BUILT_PRODUCTS_DIR; };
		BF8736052651697A00C3FAD0 /* AppDelegate.swift */ = {isa = PBXFileReference; lastKnownFileType = sourcecode.swift; path = AppDelegate.swift; sourceTree = "<group>"; };
		BF8736072651697A00C3FAD0 /* SceneDelegate.swift */ = {isa = PBXFileReference; lastKnownFileType = sourcecode.swift; path = SceneDelegate.swift; sourceTree = "<group>"; };
		BF8736092651697A00C3FAD0 /* MainViewController.swift */ = {isa = PBXFileReference; lastKnownFileType = sourcecode.swift; path = MainViewController.swift; sourceTree = "<group>"; };
		BF87360C2651697A00C3FAD0 /* Base */ = {isa = PBXFileReference; lastKnownFileType = file.storyboard; name = Base; path = Base.lproj/Main.storyboard; sourceTree = "<group>"; };
		BF87360E2651697C00C3FAD0 /* Assets.xcassets */ = {isa = PBXFileReference; lastKnownFileType = folder.assetcatalog; path = Assets.xcassets; sourceTree = "<group>"; };
		BF8736112651697C00C3FAD0 /* Base */ = {isa = PBXFileReference; lastKnownFileType = file.storyboard; name = Base; path = Base.lproj/LaunchScreen.storyboard; sourceTree = "<group>"; };
		BF8736132651697C00C3FAD0 /* Info.plist */ = {isa = PBXFileReference; lastKnownFileType = text.plist.xml; path = Info.plist; sourceTree = "<group>"; };
		BF8736282652946A00C3FAD0 /* NetwokManager.swift */ = {isa = PBXFileReference; lastKnownFileType = sourcecode.swift; path = NetwokManager.swift; sourceTree = "<group>"; };
		BF92D7D126B4385F0033B773 /* CoreDataStorage.swift */ = {isa = PBXFileReference; lastKnownFileType = sourcecode.swift; path = CoreDataStorage.swift; sourceTree = "<group>"; };
		BF92D7D426B43B710033B773 /* TradingLog.swift */ = {isa = PBXFileReference; lastKnownFileType = sourcecode.swift; path = TradingLog.swift; sourceTree = "<group>"; };
		BF92D7D626B46C910033B773 /* TradingLogCoordinator.swift */ = {isa = PBXFileReference; lastKnownFileType = sourcecode.swift; path = TradingLogCoordinator.swift; sourceTree = "<group>"; };
		BF92D7E126B57DF20033B773 /* TradingLogViewController.swift */ = {isa = PBXFileReference; lastKnownFileType = sourcecode.swift; path = TradingLogViewController.swift; sourceTree = "<group>"; };
		BF92D7E326B584070033B773 /* TradingLogViewController.storyboard */ = {isa = PBXFileReference; lastKnownFileType = file.storyboard; path = TradingLogViewController.storyboard; sourceTree = "<group>"; };
		BF92D7E726B589670033B773 /* SearchViewController.storyboard */ = {isa = PBXFileReference; lastKnownFileType = file.storyboard; path = SearchViewController.storyboard; sourceTree = "<group>"; };
		BF9570B326A224E8000BBAE9 /* UISearchController+Extension.swift */ = {isa = PBXFileReference; lastKnownFileType = sourcecode.swift; path = "UISearchController+Extension.swift"; sourceTree = "<group>"; };
		BF9570C826A34830000BBAE9 /* String+Extension.swift */ = {isa = PBXFileReference; lastKnownFileType = sourcecode.swift; path = "String+Extension.swift"; sourceTree = "<group>"; };
		BF987C4326C1402E003DBDB0 /* UIAlertController+Extension.swift */ = {isa = PBXFileReference; lastKnownFileType = sourcecode.swift; path = "UIAlertController+Extension.swift"; sourceTree = "<group>"; };
		BF9D08E8269CAF17009B6AA0 /* Coordinator.swift */ = {isa = PBXFileReference; lastKnownFileType = sourcecode.swift; path = Coordinator.swift; sourceTree = "<group>"; };
		BF9D08EA269CAFCD009B6AA0 /* AppCoordinator.swift */ = {isa = PBXFileReference; lastKnownFileType = sourcecode.swift; path = AppCoordinator.swift; sourceTree = "<group>"; };
		BF9D08EC269CB0FB009B6AA0 /* MainCoordinator.swift */ = {isa = PBXFileReference; lastKnownFileType = sourcecode.swift; path = MainCoordinator.swift; sourceTree = "<group>"; };
		BF9D08EE269CB5A9009B6AA0 /* TabBarCoordinator.swift */ = {isa = PBXFileReference; lastKnownFileType = sourcecode.swift; path = TabBarCoordinator.swift; sourceTree = "<group>"; };
		BF9E249D26B69FBA00CCB49E /* TradingLogCell.xib */ = {isa = PBXFileReference; lastKnownFileType = file.xib; path = TradingLogCell.xib; sourceTree = "<group>"; };
		BF9E249F26B6A76000CCB49E /* TradingLogCell.swift */ = {isa = PBXFileReference; lastKnownFileType = sourcecode.swift; path = TradingLogCell.swift; sourceTree = "<group>"; };
		BFA153FD26A0542D00341A6D /* ImageLoader.swift */ = {isa = PBXFileReference; lastKnownFileType = sourcecode.swift; path = ImageLoader.swift; sourceTree = "<group>"; };
		BFA1541226A152BB00341A6D /* ImageRequest.swift */ = {isa = PBXFileReference; lastKnownFileType = sourcecode.swift; path = ImageRequest.swift; sourceTree = "<group>"; };
		BFA1541426A152D400341A6D /* FileImage.swift */ = {isa = PBXFileReference; lastKnownFileType = sourcecode.swift; path = FileImage.swift; sourceTree = "<group>"; };
		BFA1541626A152F600341A6D /* Loader.swift */ = {isa = PBXFileReference; lastKnownFileType = sourcecode.swift; path = Loader.swift; sourceTree = "<group>"; };
		BFA1541826A153BC00341A6D /* FileManager+Extension.swift */ = {isa = PBXFileReference; lastKnownFileType = sourcecode.swift; path = "FileManager+Extension.swift"; sourceTree = "<group>"; };
		BFB0A51026D7378D004F04AE /* CryptoHeaderView.xib */ = {isa = PBXFileReference; lastKnownFileType = file.xib; path = CryptoHeaderView.xib; sourceTree = "<group>"; };
		BFB0A51226D73C2B004F04AE /* CryptoHeaderView.swift */ = {isa = PBXFileReference; lastKnownFileType = sourcecode.swift; path = CryptoHeaderView.swift; sourceTree = "<group>"; };
		BFB0A51426D7B323004F04AE /* CoinSortHelper.swift */ = {isa = PBXFileReference; lastKnownFileType = sourcecode.swift; path = CoinSortHelper.swift; sourceTree = "<group>"; };
		BFB0A52B26D86CCB004F04AE /* CryptoBaseViewModel.swift */ = {isa = PBXFileReference; lastKnownFileType = sourcecode.swift; path = CryptoBaseViewModel.swift; sourceTree = "<group>"; };
		BFB0A55526DBE6AB004F04AE /* SearchCoordinator.swift */ = {isa = PBXFileReference; lastKnownFileType = sourcecode.swift; path = SearchCoordinator.swift; sourceTree = "<group>"; };
		BFB427D726C97CE0001D4C91 /* TradingLogStatsViewModel.swift */ = {isa = PBXFileReference; lastKnownFileType = sourcecode.swift; path = TradingLogStatsViewModel.swift; sourceTree = "<group>"; };
		BFB427D926C97E0D001D4C91 /* TradingLogStatsDTO.swift */ = {isa = PBXFileReference; lastKnownFileType = sourcecode.swift; path = TradingLogStatsDTO.swift; sourceTree = "<group>"; };
		BFB427DB26C9BCFB001D4C91 /* StatsDTO.swift */ = {isa = PBXFileReference; lastKnownFileType = sourcecode.swift; path = StatsDTO.swift; sourceTree = "<group>"; };
		BFB427DD26CA7D2A001D4C91 /* Int+Extension.swift */ = {isa = PBXFileReference; lastKnownFileType = sourcecode.swift; path = "Int+Extension.swift"; sourceTree = "<group>"; };
		BFB427DF26CA7D33001D4C91 /* Double+Extension.swift */ = {isa = PBXFileReference; lastKnownFileType = sourcecode.swift; path = "Double+Extension.swift"; sourceTree = "<group>"; };
		BFB427E826CB257C001D4C91 /* ChartView.swift */ = {isa = PBXFileReference; lastKnownFileType = sourcecode.swift; path = ChartView.swift; sourceTree = "<group>"; };
		BFB427EA26CB3F4B001D4C91 /* ChartHelper.swift */ = {isa = PBXFileReference; lastKnownFileType = sourcecode.swift; path = ChartHelper.swift; sourceTree = "<group>"; };
		BFB427EC26CB4436001D4C91 /* TradingLogStatsChartDTO.swift */ = {isa = PBXFileReference; lastKnownFileType = sourcecode.swift; path = TradingLogStatsChartDTO.swift; sourceTree = "<group>"; };
		BFB427EE26CCC6C5001D4C91 /* MenuDisableTextField.swift */ = {isa = PBXFileReference; lastKnownFileType = sourcecode.swift; path = MenuDisableTextField.swift; sourceTree = "<group>"; };
		BFB7530726BEAA8E0013B65A /* UIToolBar+Extension.swift */ = {isa = PBXFileReference; lastKnownFileType = sourcecode.swift; path = "UIToolBar+Extension.swift"; sourceTree = "<group>"; };
		BFB7954026D0A89B00A89BC7 /* PageSegmentControl.swift */ = {isa = PBXFileReference; lastKnownFileType = sourcecode.swift; path = PageSegmentControl.swift; sourceTree = "<group>"; };
		BFB7954226D1232B00A89BC7 /* SegmentContainer.swift */ = {isa = PBXFileReference; lastKnownFileType = sourcecode.swift; path = SegmentContainer.swift; sourceTree = "<group>"; };
		BFB7954426D1B10900A89BC7 /* MainContainerViewController.swift */ = {isa = PBXFileReference; lastKnownFileType = sourcecode.swift; path = MainContainerViewController.swift; sourceTree = "<group>"; };
		BFB7954726D2007E00A89BC7 /* ExchangeViewController.swift */ = {isa = PBXFileReference; lastKnownFileType = sourcecode.swift; path = ExchangeViewController.swift; sourceTree = "<group>"; };
		BFB9430126C5611A0053C212 /* TradingLogContanierViewController.storyboard */ = {isa = PBXFileReference; lastKnownFileType = file.storyboard; path = TradingLogContanierViewController.storyboard; sourceTree = "<group>"; };
		BFB9430326C5640C0053C212 /* TradingLogContanierViewController.swift */ = {isa = PBXFileReference; lastKnownFileType = sourcecode.swift; path = TradingLogContanierViewController.swift; sourceTree = "<group>"; };
		BFB9430526C565A20053C212 /* TradingLogContanierCoordinator.swift */ = {isa = PBXFileReference; lastKnownFileType = sourcecode.swift; path = TradingLogContanierCoordinator.swift; sourceTree = "<group>"; };
		BFB9430B26C61E460053C212 /* TradingLogStatsViewController.swift */ = {isa = PBXFileReference; lastKnownFileType = sourcecode.swift; path = TradingLogStatsViewController.swift; sourceTree = "<group>"; };
		BFB9430D26C61E780053C212 /* TradingLogStatsViewController.storyboard */ = {isa = PBXFileReference; lastKnownFileType = file.storyboard; path = TradingLogStatsViewController.storyboard; sourceTree = "<group>"; };
		BFBA259D26CDED960088D26B /* TradingLogDetailViewController.swift */ = {isa = PBXFileReference; lastKnownFileType = sourcecode.swift; path = TradingLogDetailViewController.swift; sourceTree = "<group>"; };
		BFBA25A126CE99F50088D26B /* ChartContainerView.swift */ = {isa = PBXFileReference; lastKnownFileType = sourcecode.swift; path = ChartContainerView.swift; sourceTree = "<group>"; };
		BFBCE42026C8767B0077A521 /* StatsStackView.swift */ = {isa = PBXFileReference; lastKnownFileType = sourcecode.swift; path = StatsStackView.swift; sourceTree = "<group>"; };
		BFBCE42226C8804E0077A521 /* StatsTextView.swift */ = {isa = PBXFileReference; lastKnownFileType = sourcecode.swift; path = StatsTextView.swift; sourceTree = "<group>"; };
		BFD5199626C2D24E00226FF8 /* UserSetting.swift */ = {isa = PBXFileReference; lastKnownFileType = sourcecode.swift; path = UserSetting.swift; sourceTree = "<group>"; };
		BFD5199826C3505D00226FF8 /* DayOfWeek.swift */ = {isa = PBXFileReference; lastKnownFileType = sourcecode.swift; path = DayOfWeek.swift; sourceTree = "<group>"; };
		BFD5199C26C3919F00226FF8 /* UIColor+Extension.swift */ = {isa = PBXFileReference; lastKnownFileType = sourcecode.swift; path = "UIColor+Extension.swift"; sourceTree = "<group>"; };
		BFD519A026C3FE4C00226FF8 /* Int64+Extension.swift */ = {isa = PBXFileReference; lastKnownFileType = sourcecode.swift; path = "Int64+Extension.swift"; sourceTree = "<group>"; };
		BFD519A526C4A3CF00226FF8 /* GoogleService-Info.plist */ = {isa = PBXFileReference; fileEncoding = 4; lastKnownFileType = text.plist.xml; path = "GoogleService-Info.plist"; sourceTree = "<group>"; };
		BFD519A726C4A4CF00226FF8 /* Coin.entitlements */ = {isa = PBXFileReference; lastKnownFileType = text.plist.entitlements; path = Coin.entitlements; sourceTree = "<group>"; };
/* End PBXFileReference section */

/* Begin PBXFrameworksBuildPhase section */
		BF8735FF2651697A00C3FAD0 /* Frameworks */ = {
			isa = PBXFrameworksBuildPhase;
			buildActionMask = 2147483647;
			files = (
				BFD519A426C4878B00226FF8 /* FirebaseMessaging in Frameworks */,
				BF9570E426A69CF9000BBAE9 /* SwiftyJSON in Frameworks */,
				BF9570CC26A405F9000BBAE9 /* SocketIO in Frameworks */,
				BFB427E326CAE023001D4C91 /* Charts in Frameworks */,
			);
			runOnlyForDeploymentPostprocessing = 0;
		};
/* End PBXFrameworksBuildPhase section */

/* Begin PBXGroup section */
		BF1C04B426B0682000BC0A6B /* Main */ = {
			isa = PBXGroup;
			children = (
				BF2F9D7426D337B7006A0077 /* View */,
				BFB7954626D2006A00A89BC7 /* Exchange */,
				BF8736092651697A00C3FAD0 /* MainViewController.swift */,
				BF1C049C26AFD63900BC0A6B /* MainViewModel.swift */,
				BFB0A52B26D86CCB004F04AE /* CryptoBaseViewModel.swift */,
				BF2F9D7B26D366CA006A0077 /* TableDataSource.swift */,
				BFB7954226D1232B00A89BC7 /* SegmentContainer.swift */,
				BFB7954426D1B10900A89BC7 /* MainContainerViewController.swift */,
			);
			path = Main;
			sourceTree = "<group>";
		};
		BF1C04B726B068D500BC0A6B /* DI */ = {
			isa = PBXGroup;
			children = (
				BF1C04B526B068D200BC0A6B /* CompositionRoot.swift */,
			);
			path = DI;
			sourceTree = "<group>";
		};
		BF1FA62D269B2FAD00AC1AC2 /* Protocol */ = {
			isa = PBXGroup;
			children = (
				BF1FA62E269B2FBD00AC1AC2 /* Storyboarded.swift */,
				BF9D08E8269CAF17009B6AA0 /* Coordinator.swift */,
				BF1FA63B269B616A00AC1AC2 /* CellReusable.swift */,
				BFA1541226A152BB00341A6D /* ImageRequest.swift */,
				BFA1541426A152D400341A6D /* FileImage.swift */,
				BFA1541626A152F600341A6D /* Loader.swift */,
			);
			path = Protocol;
			sourceTree = "<group>";
		};
		BF1FA630269B308200AC1AC2 /* View */ = {
			isa = PBXGroup;
			children = (
				BF1FA631269B309B00AC1AC2 /* SearchCoinCell.xib */,
				BF1FA633269B366A00AC1AC2 /* SearchCoinCell.swift */,
			);
			path = View;
			sourceTree = "<group>";
		};
		BF22BF38268F6A7C003FD161 /* Network */ = {
			isa = PBXGroup;
			children = (
				BF22BF39268F6A8D003FD161 /* NetworkError.swift */,
				BF8736282652946A00C3FAD0 /* NetwokManager.swift */,
				BF22BF3C268F6C9F003FD161 /* EndPoint.swift */,
				BF1C049A26AF494800BC0A6B /* Socket.swift */,
				BF1C049E26AFF84B00BC0A6B /* SocketRepository.swift */,
			);
			path = Network;
			sourceTree = "<group>";
		};
		BF22BF40268F6CFB003FD161 /* Model */ = {
			isa = PBXGroup;
			children = (
				BF22BF41268F6D96003FD161 /* Coins.swift */,
				BF2F9DC926D5C068006A0077 /* CoinMeta.swift */,
				BF92D7D426B43B710033B773 /* TradingLog.swift */,
				BFB427DB26C9BCFB001D4C91 /* StatsDTO.swift */,
				BF92D7D326B4386D0033B773 /* CoreDataStorage */,
			);
			path = Model;
			sourceTree = "<group>";
		};
		BF22BF46268F8108003FD161 /* Extension */ = {
			isa = PBXGroup;
			children = (
				BF22BF47268F8119003FD161 /* URLSession+Extension.swift */,
				BF9570C826A34830000BBAE9 /* String+Extension.swift */,
				BF4F3AD126BC6DAB003B801A /* Date+Extension.swift */,
				BF4F3ACF26BC6A16003B801A /* DateFormatter+Extension.swift */,
				BF9570B326A224E8000BBAE9 /* UISearchController+Extension.swift */,
				BFA1541826A153BC00341A6D /* FileManager+Extension.swift */,
				BF1FA637269B398A00AC1AC2 /* UITableViewCell+Extension.swift */,
				BF1FA63F269B62BB00AC1AC2 /* UITableView+Extension.swift */,
				BF62009D26A218D500FC2228 /* SearchTextField+Extension.swift */,
				BF4F3AD326BC843E003B801A /* UITextField+Extension.swift */,
				BF4F3AD526BD2438003B801A /* UITextView+Extension.swift */,
				BFB7530726BEAA8E0013B65A /* UIToolBar+Extension.swift */,
				BF987C4326C1402E003DBDB0 /* UIAlertController+Extension.swift */,
				BFD5199C26C3919F00226FF8 /* UIColor+Extension.swift */,
				BFD519A026C3FE4C00226FF8 /* Int64+Extension.swift */,
				BFB427DD26CA7D2A001D4C91 /* Int+Extension.swift */,
				BFB427DF26CA7D33001D4C91 /* Double+Extension.swift */,
			);
			path = Extension;
			sourceTree = "<group>";
		};
		BF2F9D7426D337B7006A0077 /* View */ = {
			isa = PBXGroup;
			children = (
				BF2F9D7526D337D7006A0077 /* CryptoView.swift */,
				BF2F9D7726D34450006A0077 /* CryptoCell.xib */,
				BF2F9D7926D34B24006A0077 /* CryptoCell.swift */,
				BFB0A51026D7378D004F04AE /* CryptoHeaderView.xib */,
				BFB0A51226D73C2B004F04AE /* CryptoHeaderView.swift */,
			);
			path = View;
			sourceTree = "<group>";
		};
		BF8735F92651697A00C3FAD0 = {
			isa = PBXGroup;
			children = (
				BF8736042651697A00C3FAD0 /* Coin */,
				BF8736032651697A00C3FAD0 /* Products */,
			);
			sourceTree = "<group>";
		};
		BF8736032651697A00C3FAD0 /* Products */ = {
			isa = PBXGroup;
			children = (
				BF8736022651697A00C3FAD0 /* Coin.app */,
			);
			name = Products;
			sourceTree = "<group>";
		};
		BF8736042651697A00C3FAD0 /* Coin */ = {
			isa = PBXGroup;
			children = (
				BFD519A726C4A4CF00226FF8 /* Coin.entitlements */,
				BF1FA62D269B2FAD00AC1AC2 /* Protocol */,
				BF8736052651697A00C3FAD0 /* AppDelegate.swift */,
				BF8736072651697A00C3FAD0 /* SceneDelegate.swift */,
				BF1C04B726B068D500BC0A6B /* DI */,
				BF9D08EA269CAFCD009B6AA0 /* AppCoordinator.swift */,
				BF9D08EE269CB5A9009B6AA0 /* TabBarCoordinator.swift */,
				BF9D08EC269CB0FB009B6AA0 /* MainCoordinator.swift */,
				BF92D7D626B46C910033B773 /* TradingLogCoordinator.swift */,
				BFB9430526C565A20053C212 /* TradingLogContanierCoordinator.swift */,
				BF92D7E026B57DB10033B773 /* TradingLog */,
				BF1C04B426B0682000BC0A6B /* Main */,
				BFA1541A26A160C100341A6D /* Search */,
				BF22BF40268F6CFB003FD161 /* Model */,
				BF22BF38268F6A7C003FD161 /* Network */,
				BF22BF46268F8108003FD161 /* Extension */,
				BFA153FC26A045C600341A6D /* Utility */,
				BF87360B2651697A00C3FAD0 /* Main.storyboard */,
				BF87360E2651697C00C3FAD0 /* Assets.xcassets */,
				BF8736102651697C00C3FAD0 /* LaunchScreen.storyboard */,
				BF8736132651697C00C3FAD0 /* Info.plist */,
				BFD519A526C4A3CF00226FF8 /* GoogleService-Info.plist */,
			);
			path = Coin;
			sourceTree = "<group>";
		};
		BF92D7D326B4386D0033B773 /* CoreDataStorage */ = {
			isa = PBXGroup;
			children = (
				BF92D7D126B4385F0033B773 /* CoreDataStorage.swift */,
				BF1C052026B3D66300BC0A6B /* TradingLogModel.xcdatamodeld */,
			);
			path = CoreDataStorage;
			sourceTree = "<group>";
		};
		BF92D7E026B57DB10033B773 /* TradingLog */ = {
			isa = PBXGroup;
			children = (
				BFBA259C26CDED7F0088D26B /* Detail */,
				BFB9430A26C61E290053C212 /* Stats */,
				BF9E249C26B69FAD00CCB49E /* View */,
				BFB9430726C61D220053C212 /* Container */,
				BFB9430826C61D2F0053C212 /* Add */,
				BFB9430926C61D4F0053C212 /* Log */,
			);
			path = TradingLog;
			sourceTree = "<group>";
		};
		BF9E249C26B69FAD00CCB49E /* View */ = {
			isa = PBXGroup;
			children = (
				BF9E249D26B69FBA00CCB49E /* TradingLogCell.xib */,
				BF9E249F26B6A76000CCB49E /* TradingLogCell.swift */,
				BF4F3AC526BB97B8003B801A /* EmptyView.swift */,
				BFBCE42026C8767B0077A521 /* StatsStackView.swift */,
				BFBCE42226C8804E0077A521 /* StatsTextView.swift */,
				BFB427E826CB257C001D4C91 /* ChartView.swift */,
				BFBA25A126CE99F50088D26B /* ChartContainerView.swift */,
				BFB7954026D0A89B00A89BC7 /* PageSegmentControl.swift */,
			);
			path = View;
			sourceTree = "<group>";
		};
		BFA153FC26A045C600341A6D /* Utility */ = {
			isa = PBXGroup;
			children = (
				BFA153FD26A0542D00341A6D /* ImageLoader.swift */,
				BF4F3A9726B94C50003B801A /* DateManager.swift */,
				BFD5199626C2D24E00226FF8 /* UserSetting.swift */,
				BFD5199826C3505D00226FF8 /* DayOfWeek.swift */,
				BFB427EA26CB3F4B001D4C91 /* ChartHelper.swift */,
				BF2F9DC526D54E00006A0077 /* Mapper.swift */,
				BFB0A51426D7B323004F04AE /* CoinSortHelper.swift */,
			);
			path = Utility;
			sourceTree = "<group>";
		};
		BFA1541A26A160C100341A6D /* Search */ = {
			isa = PBXGroup;
			children = (
				BFB0A55526DBE6AB004F04AE /* SearchCoordinator.swift */,
				BF1FA62B269B2B7D00AC1AC2 /* SearchViewController.swift */,
				BF92D7E726B589670033B773 /* SearchViewController.storyboard */,
				BF1FA639269B419400AC1AC2 /* SearchCoinDataSource.swift */,
				BF22BF4C268F8146003FD161 /* SearchCoinsViewModel.swift */,
				BF1FA630269B308200AC1AC2 /* View */,
			);
			path = Search;
			sourceTree = "<group>";
		};
		BFB7954626D2006A00A89BC7 /* Exchange */ = {
			isa = PBXGroup;
			children = (
				BFB7954726D2007E00A89BC7 /* ExchangeViewController.swift */,
				BF2F9DC326D53B2F006A0077 /* ExchangeViewModel.swift */,
			);
			path = Exchange;
			sourceTree = "<group>";
		};
		BFB9430726C61D220053C212 /* Container */ = {
			isa = PBXGroup;
			children = (
				BFB9430126C5611A0053C212 /* TradingLogContanierViewController.storyboard */,
				BFB9430326C5640C0053C212 /* TradingLogContanierViewController.swift */,
			);
			path = Container;
			sourceTree = "<group>";
		};
		BFB9430826C61D2F0053C212 /* Add */ = {
			isa = PBXGroup;
			children = (
				BF4F3AC726BBC499003B801A /* TradingLogAddViewController.storyboard */,
				BF4F3AC926BBE01C003B801A /* TradingLogAddViewController.swift */,
				BF4F3ACD26BC34F0003B801A /* TradingLogAddViewController+Extension.swift */,
				BF4F3ACB26BC2B92003B801A /* TradingLogAddStore.swift */,
				BFB427EE26CCC6C5001D4C91 /* MenuDisableTextField.swift */,
			);
			path = Add;
			sourceTree = "<group>";
		};
		BFB9430926C61D4F0053C212 /* Log */ = {
			isa = PBXGroup;
			children = (
				BF92D7E126B57DF20033B773 /* TradingLogViewController.swift */,
				BF4F3A9326B86B30003B801A /* TradingLogDataSource.swift */,
				BF4F3AAC26B9960E003B801A /* TradingLogStore.swift */,
				BF4F3AAE26B999DB003B801A /* TradingLogController+Extension.swift */,
				BF92D7E326B584070033B773 /* TradingLogViewController.storyboard */,
			);
			path = Log;
			sourceTree = "<group>";
		};
		BFB9430A26C61E290053C212 /* Stats */ = {
			isa = PBXGroup;
			children = (
				BFB9430D26C61E780053C212 /* TradingLogStatsViewController.storyboard */,
				BFB9430B26C61E460053C212 /* TradingLogStatsViewController.swift */,
				BFB427D726C97CE0001D4C91 /* TradingLogStatsViewModel.swift */,
				BFB427D926C97E0D001D4C91 /* TradingLogStatsDTO.swift */,
				BFB427EC26CB4436001D4C91 /* TradingLogStatsChartDTO.swift */,
			);
			path = Stats;
			sourceTree = "<group>";
		};
		BFBA259C26CDED7F0088D26B /* Detail */ = {
			isa = PBXGroup;
			children = (
				BFBA259D26CDED960088D26B /* TradingLogDetailViewController.swift */,
			);
			path = Detail;
			sourceTree = "<group>";
		};
/* End PBXGroup section */

/* Begin PBXNativeTarget section */
		BF8736012651697A00C3FAD0 /* Coin */ = {
			isa = PBXNativeTarget;
			buildConfigurationList = BF8736162651697C00C3FAD0 /* Build configuration list for PBXNativeTarget "Coin" */;
			buildPhases = (
				BF8735FE2651697A00C3FAD0 /* Sources */,
				BF8735FF2651697A00C3FAD0 /* Frameworks */,
				BF8736002651697A00C3FAD0 /* Resources */,
			);
			buildRules = (
			);
			dependencies = (
			);
			name = Coin;
			packageProductDependencies = (
				BF9570CB26A405F9000BBAE9 /* SocketIO */,
				BF9570E326A69CF9000BBAE9 /* SwiftyJSON */,
				BFD519A326C4878B00226FF8 /* FirebaseMessaging */,
				BFB427E226CAE023001D4C91 /* Charts */,
			);
			productName = Coin;
			productReference = BF8736022651697A00C3FAD0 /* Coin.app */;
			productType = "com.apple.product-type.application";
		};
/* End PBXNativeTarget section */

/* Begin PBXProject section */
		BF8735FA2651697A00C3FAD0 /* Project object */ = {
			isa = PBXProject;
			attributes = {
				LastSwiftUpdateCheck = 1220;
				LastUpgradeCheck = 1220;
				TargetAttributes = {
					BF8736012651697A00C3FAD0 = {
						CreatedOnToolsVersion = 12.2;
					};
				};
			};
			buildConfigurationList = BF8735FD2651697A00C3FAD0 /* Build configuration list for PBXProject "Coin" */;
			compatibilityVersion = "Xcode 9.3";
			developmentRegion = en;
			hasScannedForEncodings = 0;
			knownRegions = (
				en,
				Base,
			);
			mainGroup = BF8735F92651697A00C3FAD0;
			packageReferences = (
				BF9570CA26A405F9000BBAE9 /* XCRemoteSwiftPackageReference "socket" */,
				BF9570E226A69CF9000BBAE9 /* XCRemoteSwiftPackageReference "SwiftyJSON" */,
				BFD519A226C4878B00226FF8 /* XCRemoteSwiftPackageReference "firebase-ios-sdk" */,
				BFB427E126CAE022001D4C91 /* XCRemoteSwiftPackageReference "Charts" */,
			);
			productRefGroup = BF8736032651697A00C3FAD0 /* Products */;
			projectDirPath = "";
			projectRoot = "";
			targets = (
				BF8736012651697A00C3FAD0 /* Coin */,
			);
		};
/* End PBXProject section */

/* Begin PBXResourcesBuildPhase section */
		BF8736002651697A00C3FAD0 /* Resources */ = {
			isa = PBXResourcesBuildPhase;
			buildActionMask = 2147483647;
			files = (
				BFB9430E26C61E780053C212 /* TradingLogStatsViewController.storyboard in Resources */,
				BF2F9D7826D34450006A0077 /* CryptoCell.xib in Resources */,
				BFB9430226C5611A0053C212 /* TradingLogContanierViewController.storyboard in Resources */,
				BF8736122651697C00C3FAD0 /* LaunchScreen.storyboard in Resources */,
				BF87360F2651697C00C3FAD0 /* Assets.xcassets in Resources */,
				BF1FA632269B309B00AC1AC2 /* SearchCoinCell.xib in Resources */,
				BF4F3AC826BBC499003B801A /* TradingLogAddViewController.storyboard in Resources */,
				BF92D7E826B589670033B773 /* SearchViewController.storyboard in Resources */,
				BFB0A51126D7378D004F04AE /* CryptoHeaderView.xib in Resources */,
				BF92D7E426B584070033B773 /* TradingLogViewController.storyboard in Resources */,
				BFD519A626C4A3CF00226FF8 /* GoogleService-Info.plist in Resources */,
				BF9E249E26B69FBA00CCB49E /* TradingLogCell.xib in Resources */,
				BF87360D2651697A00C3FAD0 /* Main.storyboard in Resources */,
			);
			runOnlyForDeploymentPostprocessing = 0;
		};
/* End PBXResourcesBuildPhase section */

/* Begin PBXSourcesBuildPhase section */
		BF8735FE2651697A00C3FAD0 /* Sources */ = {
			isa = PBXSourcesBuildPhase;
			buildActionMask = 2147483647;
			files = (
				BFA1541526A152D400341A6D /* FileImage.swift in Sources */,
				BF4F3AC626BB97B8003B801A /* EmptyView.swift in Sources */,
				BF1FA62C269B2B7D00AC1AC2 /* SearchViewController.swift in Sources */,
				BFA1541326A152BB00341A6D /* ImageRequest.swift in Sources */,
				BF4F3A9426B86B30003B801A /* TradingLogDataSource.swift in Sources */,
				BF9570B426A224E8000BBAE9 /* UISearchController+Extension.swift in Sources */,
				BF1C049B26AF494800BC0A6B /* Socket.swift in Sources */,
				BFB427DC26C9BCFB001D4C91 /* StatsDTO.swift in Sources */,
				BFD5199D26C3919F00226FF8 /* UIColor+Extension.swift in Sources */,
				BFBA259E26CDED960088D26B /* TradingLogDetailViewController.swift in Sources */,
				BF92D7D226B4385F0033B773 /* CoreDataStorage.swift in Sources */,
				BF4F3A9826B94C50003B801A /* DateManager.swift in Sources */,
				BFD5199726C2D24E00226FF8 /* UserSetting.swift in Sources */,
				BFB7954826D2007E00A89BC7 /* ExchangeViewController.swift in Sources */,
				BF22BF3D268F6C9F003FD161 /* EndPoint.swift in Sources */,
				BF4F3AD026BC6A17003B801A /* DateFormatter+Extension.swift in Sources */,
				BFB9430626C565A20053C212 /* TradingLogContanierCoordinator.swift in Sources */,
				BF92D7E226B57DF20033B773 /* TradingLogViewController.swift in Sources */,
				BF2F9DCA26D5C068006A0077 /* CoinMeta.swift in Sources */,
				BFB9430426C5640C0053C212 /* TradingLogContanierViewController.swift in Sources */,
				BF1FA63C269B616A00AC1AC2 /* CellReusable.swift in Sources */,
				BF1C04B626B068D200BC0A6B /* CompositionRoot.swift in Sources */,
				BF92D7D726B46C910033B773 /* TradingLogCoordinator.swift in Sources */,
				BFB0A51526D7B323004F04AE /* CoinSortHelper.swift in Sources */,
				BF22BF42268F6D96003FD161 /* Coins.swift in Sources */,
				BF4F3AAF26B999DB003B801A /* TradingLogController+Extension.swift in Sources */,
				BF87360A2651697A00C3FAD0 /* MainViewController.swift in Sources */,
				BFB427EF26CCC6C5001D4C91 /* MenuDisableTextField.swift in Sources */,
				BF987C4426C1402E003DBDB0 /* UIAlertController+Extension.swift in Sources */,
				BFB0A52C26D86CCB004F04AE /* CryptoBaseViewModel.swift in Sources */,
				BF4F3AAD26B9960E003B801A /* TradingLogStore.swift in Sources */,
				BF2F9DC426D53B30006A0077 /* ExchangeViewModel.swift in Sources */,
				BF9570C926A34830000BBAE9 /* String+Extension.swift in Sources */,
				BFB7530826BEAA8E0013B65A /* UIToolBar+Extension.swift in Sources */,
				BFBA25A226CE99F50088D26B /* ChartContainerView.swift in Sources */,
				BF8736292652946A00C3FAD0 /* NetwokManager.swift in Sources */,
				BFB427DE26CA7D2A001D4C91 /* Int+Extension.swift in Sources */,
				BFB7954326D1232B00A89BC7 /* SegmentContainer.swift in Sources */,
				BFB427E926CB257C001D4C91 /* ChartView.swift in Sources */,
				BF9D08EB269CAFCD009B6AA0 /* AppCoordinator.swift in Sources */,
				BFBCE42326C8804E0077A521 /* StatsTextView.swift in Sources */,
				BF22BF48268F8119003FD161 /* URLSession+Extension.swift in Sources */,
				BFD5199926C3505D00226FF8 /* DayOfWeek.swift in Sources */,
				BF1FA638269B398A00AC1AC2 /* UITableViewCell+Extension.swift in Sources */,
				BF4F3AD226BC6DAB003B801A /* Date+Extension.swift in Sources */,
				BFA1541926A153BC00341A6D /* FileManager+Extension.swift in Sources */,
				BFB7954526D1B10900A89BC7 /* MainContainerViewController.swift in Sources */,
				BFB427D826C97CE0001D4C91 /* TradingLogStatsViewModel.swift in Sources */,
				BF8736062651697A00C3FAD0 /* AppDelegate.swift in Sources */,
				BF92D7D526B43B710033B773 /* TradingLog.swift in Sources */,
				BF62009E26A218D500FC2228 /* SearchTextField+Extension.swift in Sources */,
				BF2F9D7626D337D7006A0077 /* CryptoView.swift in Sources */,
				BF1FA62F269B2FBD00AC1AC2 /* Storyboarded.swift in Sources */,
				BF9D08E9269CAF17009B6AA0 /* Coordinator.swift in Sources */,
				BFBCE42126C8767B0077A521 /* StatsStackView.swift in Sources */,
				BF4F3AD426BC843E003B801A /* UITextField+Extension.swift in Sources */,
				BFB427EB26CB3F4B001D4C91 /* ChartHelper.swift in Sources */,
				BF4F3ACA26BBE01C003B801A /* TradingLogAddViewController.swift in Sources */,
				BF4F3AD626BD2439003B801A /* UITextView+Extension.swift in Sources */,
				BFB0A51326D73C2B004F04AE /* CryptoHeaderView.swift in Sources */,
				BF1C049F26AFF84B00BC0A6B /* SocketRepository.swift in Sources */,
				BFB427ED26CB4436001D4C91 /* TradingLogStatsChartDTO.swift in Sources */,
				BF4F3ACE26BC34F0003B801A /* TradingLogAddViewController+Extension.swift in Sources */,
				BF2F9DC626D54E00006A0077 /* Mapper.swift in Sources */,
				BFA1541726A152F600341A6D /* Loader.swift in Sources */,
				BFB7954126D0A89B00A89BC7 /* PageSegmentControl.swift in Sources */,
				BF22BF4D268F8146003FD161 /* SearchCoinsViewModel.swift in Sources */,
				BFB9430C26C61E460053C212 /* TradingLogStatsViewController.swift in Sources */,
				BF9E24A026B6A76000CCB49E /* TradingLogCell.swift in Sources */,
				BF8736082651697A00C3FAD0 /* SceneDelegate.swift in Sources */,
				BF2F9D7C26D366CA006A0077 /* TableDataSource.swift in Sources */,
				BFD519A126C3FE4C00226FF8 /* Int64+Extension.swift in Sources */,
				BFA153FE26A0542D00341A6D /* ImageLoader.swift in Sources */,
				BF9D08ED269CB0FB009B6AA0 /* MainCoordinator.swift in Sources */,
				BF1FA634269B366A00AC1AC2 /* SearchCoinCell.swift in Sources */,
				BFB0A55626DBE6AC004F04AE /* SearchCoordinator.swift in Sources */,
				BF1C052226B3D66300BC0A6B /* TradingLogModel.xcdatamodeld in Sources */,
				BF2F9D7A26D34B24006A0077 /* CryptoCell.swift in Sources */,
				BF22BF3A268F6A8D003FD161 /* NetworkError.swift in Sources */,
				BF4F3ACC26BC2B92003B801A /* TradingLogAddStore.swift in Sources */,
				BFB427E026CA7D33001D4C91 /* Double+Extension.swift in Sources */,
				BF1FA63A269B419400AC1AC2 /* SearchCoinDataSource.swift in Sources */,
				BF9D08EF269CB5A9009B6AA0 /* TabBarCoordinator.swift in Sources */,
				BFB427DA26C97E0D001D4C91 /* TradingLogStatsDTO.swift in Sources */,
				BF1FA640269B62BB00AC1AC2 /* UITableView+Extension.swift in Sources */,
				BF1C049D26AFD63900BC0A6B /* MainViewModel.swift in Sources */,
			);
			runOnlyForDeploymentPostprocessing = 0;
		};
/* End PBXSourcesBuildPhase section */

/* Begin PBXVariantGroup section */
		BF87360B2651697A00C3FAD0 /* Main.storyboard */ = {
			isa = PBXVariantGroup;
			children = (
				BF87360C2651697A00C3FAD0 /* Base */,
			);
			name = Main.storyboard;
			sourceTree = "<group>";
		};
		BF8736102651697C00C3FAD0 /* LaunchScreen.storyboard */ = {
			isa = PBXVariantGroup;
			children = (
				BF8736112651697C00C3FAD0 /* Base */,
			);
			name = LaunchScreen.storyboard;
			sourceTree = "<group>";
		};
/* End PBXVariantGroup section */

/* Begin XCBuildConfiguration section */
		BF8736142651697C00C3FAD0 /* Debug */ = {
			isa = XCBuildConfiguration;
			buildSettings = {
				ALWAYS_SEARCH_USER_PATHS = NO;
				CLANG_ANALYZER_NONNULL = YES;
				CLANG_ANALYZER_NUMBER_OBJECT_CONVERSION = YES_AGGRESSIVE;
				CLANG_CXX_LANGUAGE_STANDARD = "gnu++14";
				CLANG_CXX_LIBRARY = "libc++";
				CLANG_ENABLE_MODULES = YES;
				CLANG_ENABLE_OBJC_ARC = YES;
				CLANG_ENABLE_OBJC_WEAK = YES;
				CLANG_WARN_BLOCK_CAPTURE_AUTORELEASING = YES;
				CLANG_WARN_BOOL_CONVERSION = YES;
				CLANG_WARN_COMMA = YES;
				CLANG_WARN_CONSTANT_CONVERSION = YES;
				CLANG_WARN_DEPRECATED_OBJC_IMPLEMENTATIONS = YES;
				CLANG_WARN_DIRECT_OBJC_ISA_USAGE = YES_ERROR;
				CLANG_WARN_DOCUMENTATION_COMMENTS = YES;
				CLANG_WARN_EMPTY_BODY = YES;
				CLANG_WARN_ENUM_CONVERSION = YES;
				CLANG_WARN_INFINITE_RECURSION = YES;
				CLANG_WARN_INT_CONVERSION = YES;
				CLANG_WARN_NON_LITERAL_NULL_CONVERSION = YES;
				CLANG_WARN_OBJC_IMPLICIT_RETAIN_SELF = YES;
				CLANG_WARN_OBJC_LITERAL_CONVERSION = YES;
				CLANG_WARN_OBJC_ROOT_CLASS = YES_ERROR;
				CLANG_WARN_QUOTED_INCLUDE_IN_FRAMEWORK_HEADER = YES;
				CLANG_WARN_RANGE_LOOP_ANALYSIS = YES;
				CLANG_WARN_STRICT_PROTOTYPES = YES;
				CLANG_WARN_SUSPICIOUS_MOVE = YES;
				CLANG_WARN_UNGUARDED_AVAILABILITY = YES_AGGRESSIVE;
				CLANG_WARN_UNREACHABLE_CODE = YES;
				CLANG_WARN__DUPLICATE_METHOD_MATCH = YES;
				COPY_PHASE_STRIP = NO;
				DEBUG_INFORMATION_FORMAT = dwarf;
				ENABLE_STRICT_OBJC_MSGSEND = YES;
				ENABLE_TESTABILITY = YES;
				GCC_C_LANGUAGE_STANDARD = gnu11;
				GCC_DYNAMIC_NO_PIC = NO;
				GCC_NO_COMMON_BLOCKS = YES;
				GCC_OPTIMIZATION_LEVEL = 0;
				GCC_PREPROCESSOR_DEFINITIONS = (
					"DEBUG=1",
					"$(inherited)",
				);
				GCC_WARN_64_TO_32_BIT_CONVERSION = YES;
				GCC_WARN_ABOUT_RETURN_TYPE = YES_ERROR;
				GCC_WARN_UNDECLARED_SELECTOR = YES;
				GCC_WARN_UNINITIALIZED_AUTOS = YES_AGGRESSIVE;
				GCC_WARN_UNUSED_FUNCTION = YES;
				GCC_WARN_UNUSED_VARIABLE = YES;
				IPHONEOS_DEPLOYMENT_TARGET = 14.2;
				MTL_ENABLE_DEBUG_INFO = INCLUDE_SOURCE;
				MTL_FAST_MATH = YES;
				ONLY_ACTIVE_ARCH = YES;
				SDKROOT = iphoneos;
				SWIFT_ACTIVE_COMPILATION_CONDITIONS = DEBUG;
				SWIFT_OPTIMIZATION_LEVEL = "-Onone";
			};
			name = Debug;
		};
		BF8736152651697C00C3FAD0 /* Release */ = {
			isa = XCBuildConfiguration;
			buildSettings = {
				ALWAYS_SEARCH_USER_PATHS = NO;
				CLANG_ANALYZER_NONNULL = YES;
				CLANG_ANALYZER_NUMBER_OBJECT_CONVERSION = YES_AGGRESSIVE;
				CLANG_CXX_LANGUAGE_STANDARD = "gnu++14";
				CLANG_CXX_LIBRARY = "libc++";
				CLANG_ENABLE_MODULES = YES;
				CLANG_ENABLE_OBJC_ARC = YES;
				CLANG_ENABLE_OBJC_WEAK = YES;
				CLANG_WARN_BLOCK_CAPTURE_AUTORELEASING = YES;
				CLANG_WARN_BOOL_CONVERSION = YES;
				CLANG_WARN_COMMA = YES;
				CLANG_WARN_CONSTANT_CONVERSION = YES;
				CLANG_WARN_DEPRECATED_OBJC_IMPLEMENTATIONS = YES;
				CLANG_WARN_DIRECT_OBJC_ISA_USAGE = YES_ERROR;
				CLANG_WARN_DOCUMENTATION_COMMENTS = YES;
				CLANG_WARN_EMPTY_BODY = YES;
				CLANG_WARN_ENUM_CONVERSION = YES;
				CLANG_WARN_INFINITE_RECURSION = YES;
				CLANG_WARN_INT_CONVERSION = YES;
				CLANG_WARN_NON_LITERAL_NULL_CONVERSION = YES;
				CLANG_WARN_OBJC_IMPLICIT_RETAIN_SELF = YES;
				CLANG_WARN_OBJC_LITERAL_CONVERSION = YES;
				CLANG_WARN_OBJC_ROOT_CLASS = YES_ERROR;
				CLANG_WARN_QUOTED_INCLUDE_IN_FRAMEWORK_HEADER = YES;
				CLANG_WARN_RANGE_LOOP_ANALYSIS = YES;
				CLANG_WARN_STRICT_PROTOTYPES = YES;
				CLANG_WARN_SUSPICIOUS_MOVE = YES;
				CLANG_WARN_UNGUARDED_AVAILABILITY = YES_AGGRESSIVE;
				CLANG_WARN_UNREACHABLE_CODE = YES;
				CLANG_WARN__DUPLICATE_METHOD_MATCH = YES;
				COPY_PHASE_STRIP = NO;
				DEBUG_INFORMATION_FORMAT = "dwarf-with-dsym";
				ENABLE_NS_ASSERTIONS = NO;
				ENABLE_STRICT_OBJC_MSGSEND = YES;
				GCC_C_LANGUAGE_STANDARD = gnu11;
				GCC_NO_COMMON_BLOCKS = YES;
				GCC_WARN_64_TO_32_BIT_CONVERSION = YES;
				GCC_WARN_ABOUT_RETURN_TYPE = YES_ERROR;
				GCC_WARN_UNDECLARED_SELECTOR = YES;
				GCC_WARN_UNINITIALIZED_AUTOS = YES_AGGRESSIVE;
				GCC_WARN_UNUSED_FUNCTION = YES;
				GCC_WARN_UNUSED_VARIABLE = YES;
				IPHONEOS_DEPLOYMENT_TARGET = 14.2;
				MTL_ENABLE_DEBUG_INFO = NO;
				MTL_FAST_MATH = YES;
				SDKROOT = iphoneos;
				SWIFT_COMPILATION_MODE = wholemodule;
				SWIFT_OPTIMIZATION_LEVEL = "-O";
				VALIDATE_PRODUCT = YES;
			};
			name = Release;
		};
		BF8736172651697C00C3FAD0 /* Debug */ = {
			isa = XCBuildConfiguration;
			buildSettings = {
				ASSETCATALOG_COMPILER_APPICON_NAME = AppIcon;
				ASSETCATALOG_COMPILER_GLOBAL_ACCENT_COLOR_NAME = AccentColor;
				CODE_SIGN_ENTITLEMENTS = Coin/Coin.entitlements;
				CODE_SIGN_STYLE = Automatic;
				DEVELOPMENT_TEAM = 27BW92Z482;
				INFOPLIST_FILE = Coin/Info.plist;
				LD_RUNPATH_SEARCH_PATHS = (
					"$(inherited)",
					"@executable_path/Frameworks",
				);
				PRODUCT_BUNDLE_IDENTIFIER = hoonha.Coin;
				PRODUCT_NAME = "$(TARGET_NAME)";
				SWIFT_VERSION = 5.0;
				TARGETED_DEVICE_FAMILY = 1;
			};
			name = Debug;
		};
		BF8736182651697C00C3FAD0 /* Release */ = {
			isa = XCBuildConfiguration;
			buildSettings = {
				ASSETCATALOG_COMPILER_APPICON_NAME = AppIcon;
				ASSETCATALOG_COMPILER_GLOBAL_ACCENT_COLOR_NAME = AccentColor;
				CODE_SIGN_ENTITLEMENTS = Coin/Coin.entitlements;
				CODE_SIGN_STYLE = Automatic;
				DEVELOPMENT_TEAM = 27BW92Z482;
				INFOPLIST_FILE = Coin/Info.plist;
				LD_RUNPATH_SEARCH_PATHS = (
					"$(inherited)",
					"@executable_path/Frameworks",
				);
				PRODUCT_BUNDLE_IDENTIFIER = hoonha.Coin;
				PRODUCT_NAME = "$(TARGET_NAME)";
				SWIFT_VERSION = 5.0;
				TARGETED_DEVICE_FAMILY = 1;
			};
			name = Release;
		};
/* End XCBuildConfiguration section */

/* Begin XCConfigurationList section */
		BF8735FD2651697A00C3FAD0 /* Build configuration list for PBXProject "Coin" */ = {
			isa = XCConfigurationList;
			buildConfigurations = (
				BF8736142651697C00C3FAD0 /* Debug */,
				BF8736152651697C00C3FAD0 /* Release */,
			);
			defaultConfigurationIsVisible = 0;
			defaultConfigurationName = Release;
		};
		BF8736162651697C00C3FAD0 /* Build configuration list for PBXNativeTarget "Coin" */ = {
			isa = XCConfigurationList;
			buildConfigurations = (
				BF8736172651697C00C3FAD0 /* Debug */,
				BF8736182651697C00C3FAD0 /* Release */,
			);
			defaultConfigurationIsVisible = 0;
			defaultConfigurationName = Release;
		};
/* End XCConfigurationList section */

/* Begin XCRemoteSwiftPackageReference section */
		BF9570CA26A405F9000BBAE9 /* XCRemoteSwiftPackageReference "socket" */ = {
			isa = XCRemoteSwiftPackageReference;
			repositoryURL = "https://github.com/socketio/socket.io-client-swift";
			requirement = {
				kind = upToNextMajorVersion;
				minimumVersion = 16.0.1;
			};
		};
		BF9570E226A69CF9000BBAE9 /* XCRemoteSwiftPackageReference "SwiftyJSON" */ = {
			isa = XCRemoteSwiftPackageReference;
			repositoryURL = "https://github.com/SwiftyJSON/SwiftyJSON.git";
			requirement = {
				kind = upToNextMajorVersion;
				minimumVersion = 5.0.1;
			};
		};
		BFB427E126CAE022001D4C91 /* XCRemoteSwiftPackageReference "Charts" */ = {
			isa = XCRemoteSwiftPackageReference;
			repositoryURL = "https://github.com/HoonHaChoi/Charts.git";
			requirement = {
				branch = master;
				kind = branch;
			};
		};
		BFD519A226C4878B00226FF8 /* XCRemoteSwiftPackageReference "firebase-ios-sdk" */ = {
			isa = XCRemoteSwiftPackageReference;
			repositoryURL = "https://github.com/firebase/firebase-ios-sdk.git";
			requirement = {
				kind = upToNextMajorVersion;
				minimumVersion = 8.5.0;
			};
		};
/* End XCRemoteSwiftPackageReference section */

/* Begin XCSwiftPackageProductDependency section */
		BF9570CB26A405F9000BBAE9 /* SocketIO */ = {
			isa = XCSwiftPackageProductDependency;
			package = BF9570CA26A405F9000BBAE9 /* XCRemoteSwiftPackageReference "socket" */;
			productName = SocketIO;
		};
		BF9570E326A69CF9000BBAE9 /* SwiftyJSON */ = {
			isa = XCSwiftPackageProductDependency;
			package = BF9570E226A69CF9000BBAE9 /* XCRemoteSwiftPackageReference "SwiftyJSON" */;
			productName = SwiftyJSON;
		};
		BFB427E226CAE023001D4C91 /* Charts */ = {
			isa = XCSwiftPackageProductDependency;
			package = BFB427E126CAE022001D4C91 /* XCRemoteSwiftPackageReference "Charts" */;
			productName = Charts;
		};
		BFD519A326C4878B00226FF8 /* FirebaseMessaging */ = {
			isa = XCSwiftPackageProductDependency;
			package = BFD519A226C4878B00226FF8 /* XCRemoteSwiftPackageReference "firebase-ios-sdk" */;
			productName = FirebaseMessaging;
		};
/* End XCSwiftPackageProductDependency section */

/* Begin XCVersionGroup section */
		BF1C052026B3D66300BC0A6B /* TradingLogModel.xcdatamodeld */ = {
			isa = XCVersionGroup;
			children = (
				BF1C052126B3D66300BC0A6B /* TradingLogModel.xcdatamodel */,
			);
			currentVersion = BF1C052126B3D66300BC0A6B /* TradingLogModel.xcdatamodel */;
			path = TradingLogModel.xcdatamodeld;
			sourceTree = "<group>";
			versionGroupType = wrapper.xcdatamodel;
		};
/* End XCVersionGroup section */
	};
	rootObject = BF8735FA2651697A00C3FAD0 /* Project object */;
}
